
Microsoft Visual Studio Solution File, Format Version 12.00
# Visual Studio 2012
Project("{8BC9CEB8-8B4A-11D0-8D11-00A0C91BC942}") = "dxdll10", "dxdll10\dxdll10.vcxproj", "{96303415-551C-4310-B640-7796237F6C89}"
EndProject
Global
	GlobalSection(SolutionConfigurationPlatforms) = preSolution
		Debug|Win32 = Debug|Win32
		Release|Win32 = Release|Win32
	EndGlobalSection
	GlobalSection(ProjectConfigurationPlatforms) = postSolution
		{96303415-551C-4310-B640-7796237F6C89}.Debug|Win32.ActiveCfg = Debug|Win32
		{96303415-551C-4310-B640-7796237F6C89}.Debug|Win32.Build.0 = Debug|Win32
		{96303415-551C-4310-B640-7796237F6C89}.Release|Win32.ActiveCfg = Release|Win32
		{96303415-551C-4310-B640-7796237F6C89}.Release|Win32.Build.0 = Release|Win32
	EndGlobalSection
	GlobalSection(SolutionProperties) = preSolution
		HideSolutionNode = FALSE
	EndGlobalSection
EndGlobal
